// !$*UTF8*$!
{
	archiveVersion = 1;
	classes = {
	};
	objectVersion = 56;
	objects = {

/* Begin PBXBuildFile section */
		3E1220BB2C035B030054C3C2 /* AppDelegate.swift in Sources */ = {isa = PBXBuildFile; fileRef = 3E1220BA2C035B030054C3C2 /* AppDelegate.swift */; };
		3E1220BD2C035B030054C3C2 /* SceneDelegate.swift in Sources */ = {isa = PBXBuildFile; fileRef = 3E1220BC2C035B030054C3C2 /* SceneDelegate.swift */; };
		3E1220BF2C035B030054C3C2 /* CategoriesTableViewController.swift in Sources */ = {isa = PBXBuildFile; fileRef = 3E1220BE2C035B030054C3C2 /* CategoriesTableViewController.swift */; };
		3E1220C42C035B040054C3C2 /* Assets.xcassets in Resources */ = {isa = PBXBuildFile; fileRef = 3E1220C32C035B040054C3C2 /* Assets.xcassets */; };
		3E1220D02C035CCB0054C3C2 /* StoreHTTPClient.swift in Sources */ = {isa = PBXBuildFile; fileRef = 3E1220CF2C035CCB0054C3C2 /* StoreHTTPClient.swift */; };
		3E1220D32C035D2C0054C3C2 /* Category.swift in Sources */ = {isa = PBXBuildFile; fileRef = 3E1220D22C035D2C0054C3C2 /* Category.swift */; };
		3E1220D62C0360060054C3C2 /* URL+Extensions.swift in Sources */ = {isa = PBXBuildFile; fileRef = 3E1220D52C0360060054C3C2 /* URL+Extensions.swift */; };
		3E1220D82C03675D0054C3C2 /* Product.swift in Sources */ = {isa = PBXBuildFile; fileRef = 3E1220D72C03675D0054C3C2 /* Product.swift */; };
		3E1220DB2C036A740054C3C2 /* ProductsTableViewController.swift in Sources */ = {isa = PBXBuildFile; fileRef = 3E1220DA2C036A740054C3C2 /* ProductsTableViewController.swift */; };
		3EBC7E522C04895100863896 /* ProductCellView.swift in Sources */ = {isa = PBXBuildFile; fileRef = 3EBC7E512C04895100863896 /* ProductCellView.swift */; };
		3EBC7E542C048B2B00863896 /* Locale+Extensions.swift in Sources */ = {isa = PBXBuildFile; fileRef = 3EBC7E532C048B2B00863896 /* Locale+Extensions.swift */; };
		3EBC7E562C048E7800863896 /* AddProductViewController.swift in Sources */ = {isa = PBXBuildFile; fileRef = 3EBC7E552C048E7800863896 /* AddProductViewController.swift */; };
		3EBC7E582C0493DB00863896 /* CategoryPickerView.swift in Sources */ = {isa = PBXBuildFile; fileRef = 3EBC7E572C0493DB00863896 /* CategoryPickerView.swift */; };
		3ED44E252C08FDFE0070B04E /* String+Extensions.swift in Sources */ = {isa = PBXBuildFile; fileRef = 3ED44E242C08FDFE0070B04E /* String+Extensions.swift */; };
/* End PBXBuildFile section */

/* Begin PBXFileReference section */
		3E1220B72C035B030054C3C2 /* StoreApp.app */ = {isa = PBXFileReference; explicitFileType = wrapper.application; includeInIndex = 0; path = StoreApp.app; sourceTree = BUILT_PRODUCTS_DIR; };
		3E1220BA2C035B030054C3C2 /* AppDelegate.swift */ = {isa = PBXFileReference; lastKnownFileType = sourcecode.swift; path = AppDelegate.swift; sourceTree = "<group>"; };
		3E1220BC2C035B030054C3C2 /* SceneDelegate.swift */ = {isa = PBXFileReference; lastKnownFileType = sourcecode.swift; path = SceneDelegate.swift; sourceTree = "<group>"; };
		3E1220BE2C035B030054C3C2 /* CategoriesTableViewController.swift */ = {isa = PBXFileReference; lastKnownFileType = sourcecode.swift; path = CategoriesTableViewController.swift; sourceTree = "<group>"; };
		3E1220C32C035B040054C3C2 /* Assets.xcassets */ = {isa = PBXFileReference; lastKnownFileType = folder.assetcatalog; path = Assets.xcassets; sourceTree = "<group>"; };
		3E1220C82C035B040054C3C2 /* Info.plist */ = {isa = PBXFileReference; lastKnownFileType = text.plist.xml; path = Info.plist; sourceTree = "<group>"; };
		3E1220CF2C035CCB0054C3C2 /* StoreHTTPClient.swift */ = {isa = PBXFileReference; lastKnownFileType = sourcecode.swift; path = StoreHTTPClient.swift; sourceTree = "<group>"; };
		3E1220D22C035D2C0054C3C2 /* Category.swift */ = {isa = PBXFileReference; lastKnownFileType = sourcecode.swift; path = Category.swift; sourceTree = "<group>"; };
		3E1220D52C0360060054C3C2 /* URL+Extensions.swift */ = {isa = PBXFileReference; lastKnownFileType = sourcecode.swift; path = "URL+Extensions.swift"; sourceTree = "<group>"; };
		3E1220D72C03675D0054C3C2 /* Product.swift */ = {isa = PBXFileReference; lastKnownFileType = sourcecode.swift; path = Product.swift; sourceTree = "<group>"; };
		3E1220DA2C036A740054C3C2 /* ProductsTableViewController.swift */ = {isa = PBXFileReference; lastKnownFileType = sourcecode.swift; path = ProductsTableViewController.swift; sourceTree = "<group>"; };
		3EBC7E512C04895100863896 /* ProductCellView.swift */ = {isa = PBXFileReference; lastKnownFileType = sourcecode.swift; path = ProductCellView.swift; sourceTree = "<group>"; };
		3EBC7E532C048B2B00863896 /* Locale+Extensions.swift */ = {isa = PBXFileReference; lastKnownFileType = sourcecode.swift; path = "Locale+Extensions.swift"; sourceTree = "<group>"; };
		3EBC7E552C048E7800863896 /* AddProductViewController.swift */ = {isa = PBXFileReference; lastKnownFileType = sourcecode.swift; path = AddProductViewController.swift; sourceTree = "<group>"; };
		3EBC7E572C0493DB00863896 /* CategoryPickerView.swift */ = {isa = PBXFileReference; lastKnownFileType = sourcecode.swift; path = CategoryPickerView.swift; sourceTree = "<group>"; };
		3ED44E242C08FDFE0070B04E /* String+Extensions.swift */ = {isa = PBXFileReference; lastKnownFileType = sourcecode.swift; path = "String+Extensions.swift"; sourceTree = "<group>"; };
/* End PBXFileReference section */

/* Begin PBXFrameworksBuildPhase section */
		3E1220B42C035B030054C3C2 /* Frameworks */ = {
			isa = PBXFrameworksBuildPhase;
			buildActionMask = 2147483647;
			files = (
			);
			runOnlyForDeploymentPostprocessing = 0;
		};
/* End PBXFrameworksBuildPhase section */

/* Begin PBXGroup section */
		3E1220AE2C035B030054C3C2 = {
			isa = PBXGroup;
			children = (
				3E1220B92C035B030054C3C2 /* StoreApp */,
				3E1220B82C035B030054C3C2 /* Products */,
			);
			sourceTree = "<group>";
		};
		3E1220B82C035B030054C3C2 /* Products */ = {
			isa = PBXGroup;
			children = (
				3E1220B72C035B030054C3C2 /* StoreApp.app */,
			);
			name = Products;
			sourceTree = "<group>";
		};
		3E1220B92C035B030054C3C2 /* StoreApp */ = {
			isa = PBXGroup;
			children = (
				3EBC7E4E2C04891600863896 /* Views */,
				3E1220D92C036A5C0054C3C2 /* ViewControllers */,
				3E1220D42C035FF80054C3C2 /* Extensions */,
				3E1220D12C035D140054C3C2 /* Models */,
				3E1220CE2C035CB40054C3C2 /* WebService */,
				3E1220BA2C035B030054C3C2 /* AppDelegate.swift */,
				3E1220BC2C035B030054C3C2 /* SceneDelegate.swift */,
				3E1220C32C035B040054C3C2 /* Assets.xcassets */,
				3E1220C82C035B040054C3C2 /* Info.plist */,
			);
			path = StoreApp;
			sourceTree = "<group>";
		};
		3E1220CE2C035CB40054C3C2 /* WebService */ = {
			isa = PBXGroup;
			children = (
				3E1220CF2C035CCB0054C3C2 /* StoreHTTPClient.swift */,
			);
			path = WebService;
			sourceTree = "<group>";
		};
		3E1220D12C035D140054C3C2 /* Models */ = {
			isa = PBXGroup;
			children = (
				3E1220D22C035D2C0054C3C2 /* Category.swift */,
				3E1220D72C03675D0054C3C2 /* Product.swift */,
			);
			path = Models;
			sourceTree = "<group>";
		};
		3E1220D42C035FF80054C3C2 /* Extensions */ = {
			isa = PBXGroup;
			children = (
				3E1220D52C0360060054C3C2 /* URL+Extensions.swift */,
				3EBC7E532C048B2B00863896 /* Locale+Extensions.swift */,
				3ED44E242C08FDFE0070B04E /* String+Extensions.swift */,
			);
			path = Extensions;
			sourceTree = "<group>";
		};
		3E1220D92C036A5C0054C3C2 /* ViewControllers */ = {
			isa = PBXGroup;
			children = (
				3E1220BE2C035B030054C3C2 /* CategoriesTableViewController.swift */,
				3E1220DA2C036A740054C3C2 /* ProductsTableViewController.swift */,
				3EBC7E552C048E7800863896 /* AddProductViewController.swift */,
			);
			path = ViewControllers;
			sourceTree = "<group>";
		};
		3EBC7E4E2C04891600863896 /* Views */ = {
			isa = PBXGroup;
			children = (
				3EBC7E512C04895100863896 /* ProductCellView.swift */,
				3EBC7E572C0493DB00863896 /* CategoryPickerView.swift */,
			);
			path = Views;
			sourceTree = "<group>";
		};
/* End PBXGroup section */

/* Begin PBXNativeTarget section */
		3E1220B62C035B030054C3C2 /* StoreApp */ = {
			isa = PBXNativeTarget;
			buildConfigurationList = 3E1220CB2C035B040054C3C2 /* Build configuration list for PBXNativeTarget "StoreApp" */;
			buildPhases = (
				3E1220B32C035B030054C3C2 /* Sources */,
				3E1220B42C035B030054C3C2 /* Frameworks */,
				3E1220B52C035B030054C3C2 /* Resources */,
			);
			buildRules = (
			);
			dependencies = (
			);
			name = StoreApp;
			productName = StoreApp;
			productReference = 3E1220B72C035B030054C3C2 /* StoreApp.app */;
			productType = "com.apple.product-type.application";
		};
/* End PBXNativeTarget section */

/* Begin PBXProject section */
		3E1220AF2C035B030054C3C2 /* Project object */ = {
			isa = PBXProject;
			attributes = {
				BuildIndependentTargetsInParallel = 1;
				LastSwiftUpdateCheck = 1530;
				LastUpgradeCheck = 1530;
				TargetAttributes = {
					3E1220B62C035B030054C3C2 = {
						CreatedOnToolsVersion = 15.3;
					};
				};
			};
			buildConfigurationList = 3E1220B22C035B030054C3C2 /* Build configuration list for PBXProject "StoreApp" */;
			compatibilityVersion = "Xcode 14.0";
			developmentRegion = en;
			hasScannedForEncodings = 0;
			knownRegions = (
				en,
				Base,
			);
			mainGroup = 3E1220AE2C035B030054C3C2;
			productRefGroup = 3E1220B82C035B030054C3C2 /* Products */;
			projectDirPath = "";
			projectRoot = "";
			targets = (
				3E1220B62C035B030054C3C2 /* StoreApp */,
			);
		};
/* End PBXProject section */

/* Begin PBXResourcesBuildPhase section */
		3E1220B52C035B030054C3C2 /* Resources */ = {
			isa = PBXResourcesBuildPhase;
			buildActionMask = 2147483647;
			files = (
				3E1220C42C035B040054C3C2 /* Assets.xcassets in Resources */,
			);
			runOnlyForDeploymentPostprocessing = 0;
		};
/* End PBXResourcesBuildPhase section */

/* Begin PBXSourcesBuildPhase section */
		3E1220B32C035B030054C3C2 /* Sources */ = {
			isa = PBXSourcesBuildPhase;
			buildActionMask = 2147483647;
			files = (
				3EBC7E562C048E7800863896 /* AddProductViewController.swift in Sources */,
				3ED44E252C08FDFE0070B04E /* String+Extensions.swift in Sources */,
				3E1220D02C035CCB0054C3C2 /* StoreHTTPClient.swift in Sources */,
				3EBC7E522C04895100863896 /* ProductCellView.swift in Sources */,
				3E1220D62C0360060054C3C2 /* URL+Extensions.swift in Sources */,
				3E1220D32C035D2C0054C3C2 /* Category.swift in Sources */,
				3E1220BF2C035B030054C3C2 /* CategoriesTableViewController.swift in Sources */,
				3E1220BB2C035B030054C3C2 /* AppDelegate.swift in Sources */,
				3E1220DB2C036A740054C3C2 /* ProductsTableViewController.swift in Sources */,
				3E1220BD2C035B030054C3C2 /* SceneDelegate.swift in Sources */,
				3E1220D82C03675D0054C3C2 /* Product.swift in Sources */,
				3EBC7E582C0493DB00863896 /* CategoryPickerView.swift in Sources */,
				3EBC7E542C048B2B00863896 /* Locale+Extensions.swift in Sources */,
			);
			runOnlyForDeploymentPostprocessing = 0;
		};
/* End PBXSourcesBuildPhase section */

/* Begin XCBuildConfiguration section */
		3E1220C92C035B040054C3C2 /* Debug */ = {
			isa = XCBuildConfiguration;
			buildSettings = {
				ALWAYS_SEARCH_USER_PATHS = NO;
				ASSETCATALOG_COMPILER_GENERATE_SWIFT_ASSET_SYMBOL_EXTENSIONS = YES;
				CLANG_ANALYZER_NONNULL = YES;
				CLANG_ANALYZER_NUMBER_OBJECT_CONVERSION = YES_AGGRESSIVE;
				CLANG_CXX_LANGUAGE_STANDARD = "gnu++20";
				CLANG_ENABLE_MODULES = YES;
				CLANG_ENABLE_OBJC_ARC = YES;
				CLANG_ENABLE_OBJC_WEAK = YES;
				CLANG_WARN_BLOCK_CAPTURE_AUTORELEASING = YES;
				CLANG_WARN_BOOL_CONVERSION = YES;
				CLANG_WARN_COMMA = YES;
				CLANG_WARN_CONSTANT_CONVERSION = YES;
				CLANG_WARN_DEPRECATED_OBJC_IMPLEMENTATIONS = YES;
				CLANG_WARN_DIRECT_OBJC_ISA_USAGE = YES_ERROR;
				CLANG_WARN_DOCUMENTATION_COMMENTS = YES;
				CLANG_WARN_EMPTY_BODY = YES;
				CLANG_WARN_ENUM_CONVERSION = YES;
				CLANG_WARN_INFINITE_RECURSION = YES;
				CLANG_WARN_INT_CONVERSION = YES;
				CLANG_WARN_NON_LITERAL_NULL_CONVERSION = YES;
				CLANG_WARN_OBJC_IMPLICIT_RETAIN_SELF = YES;
				CLANG_WARN_OBJC_LITERAL_CONVERSION = YES;
				CLANG_WARN_OBJC_ROOT_CLASS = YES_ERROR;
				CLANG_WARN_QUOTED_INCLUDE_IN_FRAMEWORK_HEADER = YES;
				CLANG_WARN_RANGE_LOOP_ANALYSIS = YES;
				CLANG_WARN_STRICT_PROTOTYPES = YES;
				CLANG_WARN_SUSPICIOUS_MOVE = YES;
				CLANG_WARN_UNGUARDED_AVAILABILITY = YES_AGGRESSIVE;
				CLANG_WARN_UNREACHABLE_CODE = YES;
				CLANG_WARN__DUPLICATE_METHOD_MATCH = YES;
				COPY_PHASE_STRIP = NO;
				DEBUG_INFORMATION_FORMAT = dwarf;
				ENABLE_STRICT_OBJC_MSGSEND = YES;
				ENABLE_TESTABILITY = YES;
				ENABLE_USER_SCRIPT_SANDBOXING = YES;
				GCC_C_LANGUAGE_STANDARD = gnu17;
				GCC_DYNAMIC_NO_PIC = NO;
				GCC_NO_COMMON_BLOCKS = YES;
				GCC_OPTIMIZATION_LEVEL = 0;
				GCC_PREPROCESSOR_DEFINITIONS = (
					"DEBUG=1",
					"$(inherited)",
				);
				GCC_WARN_64_TO_32_BIT_CONVERSION = YES;
				GCC_WARN_ABOUT_RETURN_TYPE = YES_ERROR;
				GCC_WARN_UNDECLARED_SELECTOR = YES;
				GCC_WARN_UNINITIALIZED_AUTOS = YES_AGGRESSIVE;
				GCC_WARN_UNUSED_FUNCTION = YES;
				GCC_WARN_UNUSED_VARIABLE = YES;
				IPHONEOS_DEPLOYMENT_TARGET = 17.4;
				LOCALIZATION_PREFERS_STRING_CATALOGS = YES;
				MTL_ENABLE_DEBUG_INFO = INCLUDE_SOURCE;
				MTL_FAST_MATH = YES;
				ONLY_ACTIVE_ARCH = YES;
				SDKROOT = iphoneos;
				SWIFT_ACTIVE_COMPILATION_CONDITIONS = "DEBUG $(inherited)";
				SWIFT_OPTIMIZATION_LEVEL = "-Onone";
			};
			name = Debug;
		};
		3E1220CA2C035B040054C3C2 /* Release */ = {
			isa = XCBuildConfiguration;
			buildSettings = {
				ALWAYS_SEARCH_USER_PATHS = NO;
				ASSETCATALOG_COMPILER_GENERATE_SWIFT_ASSET_SYMBOL_EXTENSIONS = YES;
				CLANG_ANALYZER_NONNULL = YES;
				CLANG_ANALYZER_NUMBER_OBJECT_CONVERSION = YES_AGGRESSIVE;
				CLANG_CXX_LANGUAGE_STANDARD = "gnu++20";
				CLANG_ENABLE_MODULES = YES;
				CLANG_ENABLE_OBJC_ARC = YES;
				CLANG_ENABLE_OBJC_WEAK = YES;
				CLANG_WARN_BLOCK_CAPTURE_AUTORELEASING = YES;
				CLANG_WARN_BOOL_CONVERSION = YES;
				CLANG_WARN_COMMA = YES;
				CLANG_WARN_CONSTANT_CONVERSION = YES;
				CLANG_WARN_DEPRECATED_OBJC_IMPLEMENTATIONS = YES;
				CLANG_WARN_DIRECT_OBJC_ISA_USAGE = YES_ERROR;
				CLANG_WARN_DOCUMENTATION_COMMENTS = YES;
				CLANG_WARN_EMPTY_BODY = YES;
				CLANG_WARN_ENUM_CONVERSION = YES;
				CLANG_WARN_INFINITE_RECURSION = YES;
				CLANG_WARN_INT_CONVERSION = YES;
				CLANG_WARN_NON_LITERAL_NULL_CONVERSION = YES;
				CLANG_WARN_OBJC_IMPLICIT_RETAIN_SELF = YES;
				CLANG_WARN_OBJC_LITERAL_CONVERSION = YES;
				CLANG_WARN_OBJC_ROOT_CLASS = YES_ERROR;
				CLANG_WARN_QUOTED_INCLUDE_IN_FRAMEWORK_HEADER = YES;
				CLANG_WARN_RANGE_LOOP_ANALYSIS = YES;
				CLANG_WARN_STRICT_PROTOTYPES = YES;
				CLANG_WARN_SUSPICIOUS_MOVE = YES;
				CLANG_WARN_UNGUARDED_AVAILABILITY = YES_AGGRESSIVE;
				CLANG_WARN_UNREACHABLE_CODE = YES;
				CLANG_WARN__DUPLICATE_METHOD_MATCH = YES;
				COPY_PHASE_STRIP = NO;
				DEBUG_INFORMATION_FORMAT = "dwarf-with-dsym";
				ENABLE_NS_ASSERTIONS = NO;
				ENABLE_STRICT_OBJC_MSGSEND = YES;
				ENABLE_USER_SCRIPT_SANDBOXING = YES;
				GCC_C_LANGUAGE_STANDARD = gnu17;
				GCC_NO_COMMON_BLOCKS = YES;
				GCC_WARN_64_TO_32_BIT_CONVERSION = YES;
				GCC_WARN_ABOUT_RETURN_TYPE = YES_ERROR;
				GCC_WARN_UNDECLARED_SELECTOR = YES;
				GCC_WARN_UNINITIALIZED_AUTOS = YES_AGGRESSIVE;
				GCC_WARN_UNUSED_FUNCTION = YES;
				GCC_WARN_UNUSED_VARIABLE = YES;
				IPHONEOS_DEPLOYMENT_TARGET = 17.4;
				LOCALIZATION_PREFERS_STRING_CATALOGS = YES;
				MTL_ENABLE_DEBUG_INFO = NO;
				MTL_FAST_MATH = YES;
				SDKROOT = iphoneos;
				SWIFT_COMPILATION_MODE = wholemodule;
				VALIDATE_PRODUCT = YES;
			};
			name = Release;
		};
		3E1220CC2C035B040054C3C2 /* Debug */ = {
			isa = XCBuildConfiguration;
			buildSettings = {
				ASSETCATALOG_COMPILER_APPICON_NAME = AppIcon;
				ASSETCATALOG_COMPILER_GLOBAL_ACCENT_COLOR_NAME = AccentColor;
				CODE_SIGN_STYLE = Automatic;
				CURRENT_PROJECT_VERSION = 1;
				GENERATE_INFOPLIST_FILE = YES;
				INFOPLIST_FILE = StoreApp/Info.plist;
				INFOPLIST_KEY_UIApplicationSupportsIndirectInputEvents = YES;
				INFOPLIST_KEY_UILaunchStoryboardName = LaunchScreen;
				INFOPLIST_KEY_UISupportedInterfaceOrientations_iPad = "UIInterfaceOrientationPortrait UIInterfaceOrientationPortraitUpsideDown UIInterfaceOrientationLandscapeLeft UIInterfaceOrientationLandscapeRight";
				INFOPLIST_KEY_UISupportedInterfaceOrientations_iPhone = "UIInterfaceOrientationPortrait UIInterfaceOrientationLandscapeLeft UIInterfaceOrientationLandscapeRight";
				LD_RUNPATH_SEARCH_PATHS = (
					"$(inherited)",
					"@executable_path/Frameworks",
				);
				MARKETING_VERSION = 1.0;
				PRODUCT_BUNDLE_IDENTIFIER = com.nicholasStamoulis.StoreApp;
				PRODUCT_NAME = "$(TARGET_NAME)";
				SWIFT_EMIT_LOC_STRINGS = YES;
				SWIFT_VERSION = 5.0;
				TARGETED_DEVICE_FAMILY = "1,2";
			};
			name = Debug;
		};
		3E1220CD2C035B040054C3C2 /* Release */ = {
			isa = XCBuildConfiguration;
			buildSettings = {
				ASSETCATALOG_COMPILER_APPICON_NAME = AppIcon;
				ASSETCATALOG_COMPILER_GLOBAL_ACCENT_COLOR_NAME = AccentColor;
				CODE_SIGN_STYLE = Automatic;
				CURRENT_PROJECT_VERSION = 1;
				GENERATE_INFOPLIST_FILE = YES;
				INFOPLIST_FILE = StoreApp/Info.plist;
				INFOPLIST_KEY_UIApplicationSupportsIndirectInputEvents = YES;
				INFOPLIST_KEY_UILaunchStoryboardName = LaunchScreen;
				INFOPLIST_KEY_UISupportedInterfaceOrientations_iPad = "UIInterfaceOrientationPortrait UIInterfaceOrientationPortraitUpsideDown UIInterfaceOrientationLandscapeLeft UIInterfaceOrientationLandscapeRight";
				INFOPLIST_KEY_UISupportedInterfaceOrientations_iPhone = "UIInterfaceOrientationPortrait UIInterfaceOrientationLandscapeLeft UIInterfaceOrientationLandscapeRight";
				LD_RUNPATH_SEARCH_PATHS = (
					"$(inherited)",
					"@executable_path/Frameworks",
				);
				MARKETING_VERSION = 1.0;
				PRODUCT_BUNDLE_IDENTIFIER = com.nicholasStamoulis.StoreApp;
				PRODUCT_NAME = "$(TARGET_NAME)";
				SWIFT_EMIT_LOC_STRINGS = YES;
				SWIFT_VERSION = 5.0;
				TARGETED_DEVICE_FAMILY = "1,2";
			};
			name = Release;
		};
/* End XCBuildConfiguration section */

/* Begin XCConfigurationList section */
		3E1220B22C035B030054C3C2 /* Build configuration list for PBXProject "StoreApp" */ = {
			isa = XCConfigurationList;
			buildConfigurations = (
				3E1220C92C035B040054C3C2 /* Debug */,
				3E1220CA2C035B040054C3C2 /* Release */,
			);
			defaultConfigurationIsVisible = 0;
			defaultConfigurationName = Release;
		};
		3E1220CB2C035B040054C3C2 /* Build configuration list for PBXNativeTarget "StoreApp" */ = {
			isa = XCConfigurationList;
			buildConfigurations = (
				3E1220CC2C035B040054C3C2 /* Debug */,
				3E1220CD2C035B040054C3C2 /* Release */,
			);
			defaultConfigurationIsVisible = 0;
			defaultConfigurationName = Release;
		};
/* End XCConfigurationList section */
	};
	rootObject = 3E1220AF2C035B030054C3C2 /* Project object */;
}
